<?xml version="1.0" encoding="utf-8"?>
<Project ToolsVersion="17.0" xmlns="http://schemas.microsoft.com/developer/msbuild/2003">
  <ItemGroup>
    <CustomBuild Include="D:\StudyLab\BasicsProg\labwork2-hodzhakhov\CMakeFiles\ab5acee89f9543884f00ff87755050f1\RUN_TESTS_force.rule">
      <Filter>CMake Rules</Filter>
    </CustomBuild>
  </ItemGroup>
  <ItemGroup>
    <Filter Include="CMake Rules">
      <UniqueIdentifier>{08E2DBDE-097B-37B4-9C6B-8BEC246CACD5}</UniqueIdentifier>
    </Filter>
  </ItemGroup>
</Project>
